
Microsoft Visual Studio Solution File, Format Version 12.00
# Visual Studio 14
VisualStudioVersion = 14.0.25420.1
MinimumVisualStudioVersion = 10.0.40219.1
Project("{FAE04EC0-301F-11D3-BF4B-00C04F79EFBC}") = "EnRouteDemo", "EnRouteDemo.csproj", "{6A494408-C7DA-462A-B833-AE6869245521}"
EndProject
Project("{FAE04EC0-301F-11D3-BF4B-00C04F79EFBC}") = "EnRouteDemo.iOS", "iOS\EnRouteDemo.iOS.csproj", "{14AFE7FF-32BE-4BEA-A689-50236B4423FD}"
EndProject
Project("{FAE04EC0-301F-11D3-BF4B-00C04F79EFBC}") = "EnRouteDemo.Droid", "Droid\EnRouteDemo.Droid.csproj", "{5F875F87-8A47-4446-B8F0-B3243084E4DF}"
EndProject
Project("{FAE04EC0-301F-11D3-BF4B-00C04F79EFBC}") = "EnRouteApi", "..\..\source\EnRouteApi\EnRouteApi.csproj", "{20BD2BA0-CF80-4808-BDDB-612943EC729B}"
EndProject
Project("{FAE04EC0-301F-11D3-BF4B-00C04F79EFBC}") = "EnRouteApi.Android", "..\..\source\EnRouteApiAndroid\EnRouteApi.Android.csproj", "{5D4EBF7F-27CB-4836-9C4F-5BCA9F25BA12}"
EndProject
Project("{FAE04EC0-301F-11D3-BF4B-00C04F79EFBC}") = "EnRouteApi.iOS", "..\..\source\EnRouteApiiOS\EnRouteApi.iOS.csproj", "{F2E61127-C3D3-46D2-ABD7-BAAD954B10B8}"
EndProject
Project("{FAE04EC0-301F-11D3-BF4B-00C04F79EFBC}") = "EnRouteDemo.UWP", "UWP\EnRouteDemo.UWP.csproj", "{2C05B937-1AA7-4AB4-9AEA-0B14EFAF863E}"
EndProject
Project("{FAE04EC0-301F-11D3-BF4B-00C04F79EFBC}") = "EnRouteApi.UWP", "..\..\source\EnRouteApiUWP\EnRouteApi.UWP.csproj", "{D8F8F78D-5717-4D50-B296-31A8BD1EF851}"
EndProject
Global
	GlobalSection(SolutionConfigurationPlatforms) = preSolution
		Debug|Any CPU = Debug|Any CPU
		Debug|ARM = Debug|ARM
		Debug|iPhone = Debug|iPhone
		Debug|iPhoneSimulator = Debug|iPhoneSimulator
		Debug|x64 = Debug|x64
		Debug|x86 = Debug|x86
		Release|Any CPU = Release|Any CPU
		Release|ARM = Release|ARM
		Release|iPhone = Release|iPhone
		Release|iPhoneSimulator = Release|iPhoneSimulator
		Release|x64 = Release|x64
		Release|x86 = Release|x86
	EndGlobalSection
	GlobalSection(ProjectConfigurationPlatforms) = postSolution
		{6A494408-C7DA-462A-B833-AE6869245521}.Debug|Any CPU.ActiveCfg = Debug|Any CPU
		{6A494408-C7DA-462A-B833-AE6869245521}.Debug|Any CPU.Build.0 = Debug|Any CPU
		{6A494408-C7DA-462A-B833-AE6869245521}.Debug|ARM.ActiveCfg = Debug|Any CPU
		{6A494408-C7DA-462A-B833-AE6869245521}.Debug|ARM.Build.0 = Debug|Any CPU
		{6A494408-C7DA-462A-B833-AE6869245521}.Debug|iPhone.ActiveCfg = Debug|Any CPU
		{6A494408-C7DA-462A-B833-AE6869245521}.Debug|iPhone.Build.0 = Debug|Any CPU
		{6A494408-C7DA-462A-B833-AE6869245521}.Debug|iPhoneSimulator.ActiveCfg = Debug|Any CPU
		{6A494408-C7DA-462A-B833-AE6869245521}.Debug|iPhoneSimulator.Build.0 = Debug|Any CPU
		{6A494408-C7DA-462A-B833-AE6869245521}.Debug|x64.ActiveCfg = Debug|Any CPU
		{6A494408-C7DA-462A-B833-AE6869245521}.Debug|x64.Build.0 = Debug|Any CPU
		{6A494408-C7DA-462A-B833-AE6869245521}.Debug|x86.ActiveCfg = Debug|Any CPU
		{6A494408-C7DA-462A-B833-AE6869245521}.Debug|x86.Build.0 = Debug|Any CPU
		{6A494408-C7DA-462A-B833-AE6869245521}.Release|Any CPU.ActiveCfg = Release|Any CPU
		{6A494408-C7DA-462A-B833-AE6869245521}.Release|Any CPU.Build.0 = Release|Any CPU
		{6A494408-C7DA-462A-B833-AE6869245521}.Release|ARM.ActiveCfg = Release|Any CPU
		{6A494408-C7DA-462A-B833-AE6869245521}.Release|ARM.Build.0 = Release|Any CPU
		{6A494408-C7DA-462A-B833-AE6869245521}.Release|iPhone.ActiveCfg = Release|Any CPU
		{6A494408-C7DA-462A-B833-AE6869245521}.Release|iPhone.Build.0 = Release|Any CPU
		{6A494408-C7DA-462A-B833-AE6869245521}.Release|iPhoneSimulator.ActiveCfg = Release|Any CPU
		{6A494408-C7DA-462A-B833-AE6869245521}.Release|iPhoneSimulator.Build.0 = Release|Any CPU
		{6A494408-C7DA-462A-B833-AE6869245521}.Release|x64.ActiveCfg = Release|Any CPU
		{6A494408-C7DA-462A-B833-AE6869245521}.Release|x64.Build.0 = Release|Any CPU
		{6A494408-C7DA-462A-B833-AE6869245521}.Release|x86.ActiveCfg = Release|Any CPU
		{6A494408-C7DA-462A-B833-AE6869245521}.Release|x86.Build.0 = Release|Any CPU
		{14AFE7FF-32BE-4BEA-A689-50236B4423FD}.Debug|Any CPU.ActiveCfg = Debug|iPhoneSimulator
		{14AFE7FF-32BE-4BEA-A689-50236B4423FD}.Debug|Any CPU.Build.0 = Debug|iPhoneSimulator
		{14AFE7FF-32BE-4BEA-A689-50236B4423FD}.Debug|ARM.ActiveCfg = Debug|iPhone
		{14AFE7FF-32BE-4BEA-A689-50236B4423FD}.Debug|iPhone.ActiveCfg = Debug|iPhone
		{14AFE7FF-32BE-4BEA-A689-50236B4423FD}.Debug|iPhone.Build.0 = Debug|iPhone
		{14AFE7FF-32BE-4BEA-A689-50236B4423FD}.Debug|iPhoneSimulator.ActiveCfg = Debug|iPhoneSimulator
		{14AFE7FF-32BE-4BEA-A689-50236B4423FD}.Debug|iPhoneSimulator.Build.0 = Debug|iPhoneSimulator
		{14AFE7FF-32BE-4BEA-A689-50236B4423FD}.Debug|x64.ActiveCfg = Debug|iPhone
		{14AFE7FF-32BE-4BEA-A689-50236B4423FD}.Debug|x86.ActiveCfg = Debug|iPhone
		{14AFE7FF-32BE-4BEA-A689-50236B4423FD}.Release|Any CPU.ActiveCfg = Release|iPhone
		{14AFE7FF-32BE-4BEA-A689-50236B4423FD}.Release|Any CPU.Build.0 = Release|iPhone
		{14AFE7FF-32BE-4BEA-A689-50236B4423FD}.Release|ARM.ActiveCfg = Release|iPhoneSimulator
		{14AFE7FF-32BE-4BEA-A689-50236B4423FD}.Release|iPhone.ActiveCfg = Release|iPhone
		{14AFE7FF-32BE-4BEA-A689-50236B4423FD}.Release|iPhone.Build.0 = Release|iPhone
		{14AFE7FF-32BE-4BEA-A689-50236B4423FD}.Release|iPhoneSimulator.ActiveCfg = Release|iPhoneSimulator
		{14AFE7FF-32BE-4BEA-A689-50236B4423FD}.Release|iPhoneSimulator.Build.0 = Release|iPhoneSimulator
		{14AFE7FF-32BE-4BEA-A689-50236B4423FD}.Release|x64.ActiveCfg = Release|iPhoneSimulator
		{14AFE7FF-32BE-4BEA-A689-50236B4423FD}.Release|x86.ActiveCfg = Release|iPhoneSimulator
		{5F875F87-8A47-4446-B8F0-B3243084E4DF}.Debug|Any CPU.ActiveCfg = Debug|Any CPU
		{5F875F87-8A47-4446-B8F0-B3243084E4DF}.Debug|Any CPU.Build.0 = Debug|Any CPU
		{5F875F87-8A47-4446-B8F0-B3243084E4DF}.Debug|ARM.ActiveCfg = Debug|Any CPU
		{5F875F87-8A47-4446-B8F0-B3243084E4DF}.Debug|iPhone.ActiveCfg = Debug|Any CPU
		{5F875F87-8A47-4446-B8F0-B3243084E4DF}.Debug|iPhone.Build.0 = Debug|Any CPU
		{5F875F87-8A47-4446-B8F0-B3243084E4DF}.Debug|iPhoneSimulator.ActiveCfg = Debug|Any CPU
		{5F875F87-8A47-4446-B8F0-B3243084E4DF}.Debug|iPhoneSimulator.Build.0 = Debug|Any CPU
		{5F875F87-8A47-4446-B8F0-B3243084E4DF}.Debug|x64.ActiveCfg = Debug|Any CPU
		{5F875F87-8A47-4446-B8F0-B3243084E4DF}.Debug|x86.ActiveCfg = Debug|Any CPU
		{5F875F87-8A47-4446-B8F0-B3243084E4DF}.Release|Any CPU.ActiveCfg = Release|Any CPU
		{5F875F87-8A47-4446-B8F0-B3243084E4DF}.Release|Any CPU.Build.0 = Release|Any CPU
		{5F875F87-8A47-4446-B8F0-B3243084E4DF}.Release|ARM.ActiveCfg = Release|Any CPU
		{5F875F87-8A47-4446-B8F0-B3243084E4DF}.Release|iPhone.ActiveCfg = Release|Any CPU
		{5F875F87-8A47-4446-B8F0-B3243084E4DF}.Release|iPhone.Build.0 = Release|Any CPU
		{5F875F87-8A47-4446-B8F0-B3243084E4DF}.Release|iPhoneSimulator.ActiveCfg = Release|Any CPU
		{5F875F87-8A47-4446-B8F0-B3243084E4DF}.Release|iPhoneSimulator.Build.0 = Release|Any CPU
		{5F875F87-8A47-4446-B8F0-B3243084E4DF}.Release|x64.ActiveCfg = Release|Any CPU
		{5F875F87-8A47-4446-B8F0-B3243084E4DF}.Release|x86.ActiveCfg = Release|Any CPU
		{20BD2BA0-CF80-4808-BDDB-612943EC729B}.Debug|Any CPU.ActiveCfg = Debug|Any CPU
		{20BD2BA0-CF80-4808-BDDB-612943EC729B}.Debug|Any CPU.Build.0 = Debug|Any CPU
		{20BD2BA0-CF80-4808-BDDB-612943EC729B}.Debug|ARM.ActiveCfg = Debug|Any CPU
		{20BD2BA0-CF80-4808-BDDB-612943EC729B}.Debug|ARM.Build.0 = Debug|Any CPU
		{20BD2BA0-CF80-4808-BDDB-612943EC729B}.Debug|iPhone.ActiveCfg = Debug|Any CPU
		{20BD2BA0-CF80-4808-BDDB-612943EC729B}.Debug|iPhone.Build.0 = Debug|Any CPU
		{20BD2BA0-CF80-4808-BDDB-612943EC729B}.Debug|iPhoneSimulator.ActiveCfg = Debug|Any CPU
		{20BD2BA0-CF80-4808-BDDB-612943EC729B}.Debug|iPhoneSimulator.Build.0 = Debug|Any CPU
		{20BD2BA0-CF80-4808-BDDB-612943EC729B}.Debug|x64.ActiveCfg = Debug|Any CPU
		{20BD2BA0-CF80-4808-BDDB-612943EC729B}.Debug|x64.Build.0 = Debug|Any CPU
		{20BD2BA0-CF80-4808-BDDB-612943EC729B}.Debug|x86.ActiveCfg = Debug|Any CPU
		{20BD2BA0-CF80-4808-BDDB-612943EC729B}.Debug|x86.Build.0 = Debug|Any CPU
		{20BD2BA0-CF80-4808-BDDB-612943EC729B}.Release|Any CPU.ActiveCfg = Release|Any CPU
		{20BD2BA0-CF80-4808-BDDB-612943EC729B}.Release|Any CPU.Build.0 = Release|Any CPU
		{20BD2BA0-CF80-4808-BDDB-612943EC729B}.Release|ARM.ActiveCfg = Release|Any CPU
		{20BD2BA0-CF80-4808-BDDB-612943EC729B}.Release|ARM.Build.0 = Release|Any CPU
		{20BD2BA0-CF80-4808-BDDB-612943EC729B}.Release|iPhone.ActiveCfg = Release|Any CPU
		{20BD2BA0-CF80-4808-BDDB-612943EC729B}.Release|iPhone.Build.0 = Release|Any CPU
		{20BD2BA0-CF80-4808-BDDB-612943EC729B}.Release|iPhoneSimulator.ActiveCfg = Release|Any CPU
		{20BD2BA0-CF80-4808-BDDB-612943EC729B}.Release|iPhoneSimulator.Build.0 = Release|Any CPU
		{20BD2BA0-CF80-4808-BDDB-612943EC729B}.Release|x64.ActiveCfg = Release|Any CPU
		{20BD2BA0-CF80-4808-BDDB-612943EC729B}.Release|x64.Build.0 = Release|Any CPU
		{20BD2BA0-CF80-4808-BDDB-612943EC729B}.Release|x86.ActiveCfg = Release|Any CPU
		{20BD2BA0-CF80-4808-BDDB-612943EC729B}.Release|x86.Build.0 = Release|Any CPU
		{5D4EBF7F-27CB-4836-9C4F-5BCA9F25BA12}.Debug|Any CPU.ActiveCfg = Debug|Any CPU
		{5D4EBF7F-27CB-4836-9C4F-5BCA9F25BA12}.Debug|Any CPU.Build.0 = Debug|Any CPU
		{5D4EBF7F-27CB-4836-9C4F-5BCA9F25BA12}.Debug|ARM.ActiveCfg = Debug|Any CPU
		{5D4EBF7F-27CB-4836-9C4F-5BCA9F25BA12}.Debug|iPhone.ActiveCfg = Debug|Any CPU
		{5D4EBF7F-27CB-4836-9C4F-5BCA9F25BA12}.Debug|iPhone.Build.0 = Debug|Any CPU
		{5D4EBF7F-27CB-4836-9C4F-5BCA9F25BA12}.Debug|iPhoneSimulator.ActiveCfg = Debug|Any CPU
		{5D4EBF7F-27CB-4836-9C4F-5BCA9F25BA12}.Debug|iPhoneSimulator.Build.0 = Debug|Any CPU
		{5D4EBF7F-27CB-4836-9C4F-5BCA9F25BA12}.Debug|x64.ActiveCfg = Debug|Any CPU
		{5D4EBF7F-27CB-4836-9C4F-5BCA9F25BA12}.Debug|x86.ActiveCfg = Debug|Any CPU
		{5D4EBF7F-27CB-4836-9C4F-5BCA9F25BA12}.Release|Any CPU.ActiveCfg = Release|Any CPU
		{5D4EBF7F-27CB-4836-9C4F-5BCA9F25BA12}.Release|Any CPU.Build.0 = Release|Any CPU
		{5D4EBF7F-27CB-4836-9C4F-5BCA9F25BA12}.Release|ARM.ActiveCfg = Release|Any CPU
		{5D4EBF7F-27CB-4836-9C4F-5BCA9F25BA12}.Release|iPhone.ActiveCfg = Release|Any CPU
		{5D4EBF7F-27CB-4836-9C4F-5BCA9F25BA12}.Release|iPhone.Build.0 = Release|Any CPU
		{5D4EBF7F-27CB-4836-9C4F-5BCA9F25BA12}.Release|iPhoneSimulator.ActiveCfg = Release|Any CPU
		{5D4EBF7F-27CB-4836-9C4F-5BCA9F25BA12}.Release|iPhoneSimulator.Build.0 = Release|Any CPU
		{5D4EBF7F-27CB-4836-9C4F-5BCA9F25BA12}.Release|x64.ActiveCfg = Release|Any CPU
		{5D4EBF7F-27CB-4836-9C4F-5BCA9F25BA12}.Release|x86.ActiveCfg = Release|Any CPU
		{F2E61127-C3D3-46D2-ABD7-BAAD954B10B8}.Debug|Any CPU.ActiveCfg = Debug|Any CPU
		{F2E61127-C3D3-46D2-ABD7-BAAD954B10B8}.Debug|Any CPU.Build.0 = Debug|Any CPU
		{F2E61127-C3D3-46D2-ABD7-BAAD954B10B8}.Debug|ARM.ActiveCfg = Debug|Any CPU
		{F2E61127-C3D3-46D2-ABD7-BAAD954B10B8}.Debug|iPhone.ActiveCfg = Debug|Any CPU
		{F2E61127-C3D3-46D2-ABD7-BAAD954B10B8}.Debug|iPhone.Build.0 = Debug|Any CPU
		{F2E61127-C3D3-46D2-ABD7-BAAD954B10B8}.Debug|iPhoneSimulator.ActiveCfg = Debug|Any CPU
		{F2E61127-C3D3-46D2-ABD7-BAAD954B10B8}.Debug|iPhoneSimulator.Build.0 = Debug|Any CPU
		{F2E61127-C3D3-46D2-ABD7-BAAD954B10B8}.Debug|x64.ActiveCfg = Debug|Any CPU
		{F2E61127-C3D3-46D2-ABD7-BAAD954B10B8}.Debug|x86.ActiveCfg = Debug|Any CPU
		{F2E61127-C3D3-46D2-ABD7-BAAD954B10B8}.Release|Any CPU.ActiveCfg = Release|Any CPU
		{F2E61127-C3D3-46D2-ABD7-BAAD954B10B8}.Release|Any CPU.Build.0 = Release|Any CPU
		{F2E61127-C3D3-46D2-ABD7-BAAD954B10B8}.Release|ARM.ActiveCfg = Release|Any CPU
		{F2E61127-C3D3-46D2-ABD7-BAAD954B10B8}.Release|iPhone.ActiveCfg = Release|Any CPU
		{F2E61127-C3D3-46D2-ABD7-BAAD954B10B8}.Release|iPhone.Build.0 = Release|Any CPU
		{F2E61127-C3D3-46D2-ABD7-BAAD954B10B8}.Release|iPhoneSimulator.ActiveCfg = Release|Any CPU
		{F2E61127-C3D3-46D2-ABD7-BAAD954B10B8}.Release|iPhoneSimulator.Build.0 = Release|Any CPU
		{F2E61127-C3D3-46D2-ABD7-BAAD954B10B8}.Release|x64.ActiveCfg = Release|Any CPU
		{F2E61127-C3D3-46D2-ABD7-BAAD954B10B8}.Release|x86.ActiveCfg = Release|Any CPU
		{2C05B937-1AA7-4AB4-9AEA-0B14EFAF863E}.Debug|Any CPU.ActiveCfg = Debug|x86
		{2C05B937-1AA7-4AB4-9AEA-0B14EFAF863E}.Debug|Any CPU.Build.0 = Debug|x86
		{2C05B937-1AA7-4AB4-9AEA-0B14EFAF863E}.Debug|Any CPU.Deploy.0 = Debug|x86
		{2C05B937-1AA7-4AB4-9AEA-0B14EFAF863E}.Debug|ARM.ActiveCfg = Debug|ARM
		{2C05B937-1AA7-4AB4-9AEA-0B14EFAF863E}.Debug|ARM.Build.0 = Debug|ARM
		{2C05B937-1AA7-4AB4-9AEA-0B14EFAF863E}.Debug|ARM.Deploy.0 = Debug|ARM
		{2C05B937-1AA7-4AB4-9AEA-0B14EFAF863E}.Debug|iPhone.ActiveCfg = Debug|x86
		{2C05B937-1AA7-4AB4-9AEA-0B14EFAF863E}.Debug|iPhoneSimulator.ActiveCfg = Debug|x86
		{2C05B937-1AA7-4AB4-9AEA-0B14EFAF863E}.Debug|x64.ActiveCfg = Debug|x64
		{2C05B937-1AA7-4AB4-9AEA-0B14EFAF863E}.Debug|x64.Build.0 = Debug|x64
		{2C05B937-1AA7-4AB4-9AEA-0B14EFAF863E}.Debug|x64.Deploy.0 = Debug|x64
		{2C05B937-1AA7-4AB4-9AEA-0B14EFAF863E}.Debug|x86.ActiveCfg = Debug|x86
		{2C05B937-1AA7-4AB4-9AEA-0B14EFAF863E}.Debug|x86.Build.0 = Debug|x86
		{2C05B937-1AA7-4AB4-9AEA-0B14EFAF863E}.Debug|x86.Deploy.0 = Debug|x86
		{2C05B937-1AA7-4AB4-9AEA-0B14EFAF863E}.Release|Any CPU.ActiveCfg = Release|x86
		{2C05B937-1AA7-4AB4-9AEA-0B14EFAF863E}.Release|ARM.ActiveCfg = Release|ARM
		{2C05B937-1AA7-4AB4-9AEA-0B14EFAF863E}.Release|ARM.Build.0 = Release|ARM
		{2C05B937-1AA7-4AB4-9AEA-0B14EFAF863E}.Release|ARM.Deploy.0 = Release|ARM
		{2C05B937-1AA7-4AB4-9AEA-0B14EFAF863E}.Release|iPhone.ActiveCfg = Release|x86
		{2C05B937-1AA7-4AB4-9AEA-0B14EFAF863E}.Release|iPhoneSimulator.ActiveCfg = Release|x86
		{2C05B937-1AA7-4AB4-9AEA-0B14EFAF863E}.Release|x64.ActiveCfg = Release|x64
		{2C05B937-1AA7-4AB4-9AEA-0B14EFAF863E}.Release|x64.Build.0 = Release|x64
		{2C05B937-1AA7-4AB4-9AEA-0B14EFAF863E}.Release|x64.Deploy.0 = Release|x64
		{2C05B937-1AA7-4AB4-9AEA-0B14EFAF863E}.Release|x86.ActiveCfg = Release|x86
		{2C05B937-1AA7-4AB4-9AEA-0B14EFAF863E}.Release|x86.Build.0 = Release|x86
		{2C05B937-1AA7-4AB4-9AEA-0B14EFAF863E}.Release|x86.Deploy.0 = Release|x86
		{D8F8F78D-5717-4D50-B296-31A8BD1EF851}.Debug|Any CPU.ActiveCfg = Debug|Any CPU
		{D8F8F78D-5717-4D50-B296-31A8BD1EF851}.Debug|Any CPU.Build.0 = Debug|Any CPU
		{D8F8F78D-5717-4D50-B296-31A8BD1EF851}.Debug|ARM.ActiveCfg = Debug|ARM
		{D8F8F78D-5717-4D50-B296-31A8BD1EF851}.Debug|ARM.Build.0 = Debug|ARM
		{D8F8F78D-5717-4D50-B296-31A8BD1EF851}.Debug|iPhone.ActiveCfg = Debug|Any CPU
		{D8F8F78D-5717-4D50-B296-31A8BD1EF851}.Debug|iPhone.Build.0 = Debug|Any CPU
		{D8F8F78D-5717-4D50-B296-31A8BD1EF851}.Debug|iPhoneSimulator.ActiveCfg = Debug|Any CPU
		{D8F8F78D-5717-4D50-B296-31A8BD1EF851}.Debug|iPhoneSimulator.Build.0 = Debug|Any CPU
		{D8F8F78D-5717-4D50-B296-31A8BD1EF851}.Debug|x64.ActiveCfg = Debug|x64
		{D8F8F78D-5717-4D50-B296-31A8BD1EF851}.Debug|x64.Build.0 = Debug|x64
		{D8F8F78D-5717-4D50-B296-31A8BD1EF851}.Debug|x86.ActiveCfg = Debug|x86
		{D8F8F78D-5717-4D50-B296-31A8BD1EF851}.Debug|x86.Build.0 = Debug|x86
		{D8F8F78D-5717-4D50-B296-31A8BD1EF851}.Release|Any CPU.ActiveCfg = Release|Any CPU
		{D8F8F78D-5717-4D50-B296-31A8BD1EF851}.Release|Any CPU.Build.0 = Release|Any CPU
		{D8F8F78D-5717-4D50-B296-31A8BD1EF851}.Release|ARM.ActiveCfg = Release|ARM
		{D8F8F78D-5717-4D50-B296-31A8BD1EF851}.Release|ARM.Build.0 = Release|ARM
		{D8F8F78D-5717-4D50-B296-31A8BD1EF851}.Release|iPhone.ActiveCfg = Release|Any CPU
		{D8F8F78D-5717-4D50-B296-31A8BD1EF851}.Release|iPhone.Build.0 = Release|Any CPU
		{D8F8F78D-5717-4D50-B296-31A8BD1EF851}.Release|iPhoneSimulator.ActiveCfg = Release|Any CPU
		{D8F8F78D-5717-4D50-B296-31A8BD1EF851}.Release|iPhoneSimulator.Build.0 = Release|Any CPU
		{D8F8F78D-5717-4D50-B296-31A8BD1EF851}.Release|x64.ActiveCfg = Release|x64
		{D8F8F78D-5717-4D50-B296-31A8BD1EF851}.Release|x64.Build.0 = Release|x64
		{D8F8F78D-5717-4D50-B296-31A8BD1EF851}.Release|x86.ActiveCfg = Release|x86
		{D8F8F78D-5717-4D50-B296-31A8BD1EF851}.Release|x86.Build.0 = Release|x86
	EndGlobalSection
	GlobalSection(SolutionProperties) = preSolution
		HideSolutionNode = FALSE
	EndGlobalSection
EndGlobal
